
Microsoft Visual Studio Solution File, Format Version 12.00
# Visual Studio Version 16
VisualStudioVersion = 16.0.33529.622
MinimumVisualStudioVersion = 10.0.40219.1
Project("{FAE04EC0-301F-11D3-BF4B-00C04F79EFBC}") = "GIS-FIre", "GIS-FIre\GIS-FIre.csproj", "{CE4AD0C9-33C7-45E5-A55C-FB570AC533CB}"
EndProject
Global
	GlobalSection(SolutionConfigurationPlatforms) = preSolution
		Debug|Any CPU = Debug|Any CPU
		Release|Any CPU = Release|Any CPU
	EndGlobalSection
	GlobalSection(ProjectConfigurationPlatforms) = postSolution
		{CE4AD0C9-33C7-45E5-A55C-FB570AC533CB}.Debug|Any CPU.ActiveCfg = Debug|Any CPU
		{CE4AD0C9-33C7-45E5-A55C-FB570AC533CB}.Debug|Any CPU.Build.0 = Debug|Any CPU
		{CE4AD0C9-33C7-45E5-A55C-FB570AC533CB}.Release|Any CPU.ActiveCfg = Release|Any CPU
		{CE4AD0C9-33C7-45E5-A55C-FB570AC533CB}.Release|Any CPU.Build.0 = Release|Any CPU
	EndGlobalSection
	GlobalSection(SolutionProperties) = preSolution
		HideSolutionNode = FALSE
	EndGlobalSection
	GlobalSection(ExtensibilityGlobals) = postSolution
		SolutionGuid = {7B0D7193-7285-4ECF-93B0-E4D189C2B908}
	EndGlobalSection
EndGlobal
